
Microsoft Visual Studio Solution File, Format Version 12.00
# Visual Studio Version 16
VisualStudioVersion = 16.0.31702.278
MinimumVisualStudioVersion = 10.0.40219.1
Project("{FAE04EC0-301F-11D3-BF4B-00C04F79EFBC}") = "RollerCoasterRide", "RollerCoasterRide\RollerCoasterRide.csproj", "{098A3021-2118-4C90-A52C-18815EB95648}"
EndProject
Global
	GlobalSection(SolutionConfigurationPlatforms) = preSolution
		Debug|Any CPU = Debug|Any CPU
		Release|Any CPU = Release|Any CPU
	EndGlobalSection
	GlobalSection(ProjectConfigurationPlatforms) = postSolution
		{098A3021-2118-4C90-A52C-18815EB95648}.Debug|Any CPU.ActiveCfg = Debug|Any CPU
		{098A3021-2118-4C90-A52C-18815EB95648}.Debug|Any CPU.Build.0 = Debug|Any CPU
		{098A3021-2118-4C90-A52C-18815EB95648}.Release|Any CPU.ActiveCfg = Release|Any CPU
		{098A3021-2118-4C90-A52C-18815EB95648}.Release|Any CPU.Build.0 = Release|Any CPU
	EndGlobalSection
	GlobalSection(SolutionProperties) = preSolution
		HideSolutionNode = FALSE
	EndGlobalSection
	GlobalSection(ExtensibilityGlobals) = postSolution
		SolutionGuid = {B341E8C3-B390-43FB-833F-577171DA6991}
	EndGlobalSection
EndGlobal
